%{
  "blend": {:hex, :blend, "0.5.0", "d3cdc1a463f73b44a4d88ebf8ee2be9ed4f6774548ba374776b56155378c6e53", [:mix], [], "hexpm", "53772edbf11bf20e8c364a579987f44b919e2b8c9d6cba7f1c1aa060fadd4550"},
  "plug_crypto": {:hex, :plug_crypto, "1.2.5", "918772575e48e81e455818229bf719d4ab4181fcbf7f85b68a35620f78d89ced", [:mix], [], "hexpm", "26549a1d6345e2172eb1c233866756ae44a9609bd33ee6f99147ab3fd87fd842"},
}
